
Microsoft Visual Studio Solution File, Format Version 12.00
# Visual Studio Version 16
VisualStudioVersion = 16.0.29209.62
MinimumVisualStudioVersion = 15.0.26124.0
Project("{FAE04EC0-301F-11D3-BF4B-00C04F79EFBC}") = "insurance-policy.Api.Infrastructure", "insurance-policy.Api.Infrastructure\insurance-policy.Api.Infrastructure.csproj", "{65F8F8D6-A679-42A3-9359-1541DE78F23E}"
EndProject
Project("{FAE04EC0-301F-11D3-BF4B-00C04F79EFBC}") = "insurance-policy.Api.ServiceCore", "insurance-policy.Api.ServiceCore\insurance-policy.Api.ServiceCore.csproj", "{F9B39EE8-FA53-4B11-ABFC-5DFBAE1BF9F8}"
EndProject
Project("{FAE04EC0-301F-11D3-BF4B-00C04F79EFBC}") = "insurance-policy.api", "insurance-policy.api\insurance-policy.api.csproj", "{14C77948-A18D-4889-90E6-B1C92E0645C4}"
EndProject
Global
	GlobalSection(SolutionConfigurationPlatforms) = preSolution
		Debug|Any CPU = Debug|Any CPU
		Debug|x64 = Debug|x64
		Debug|x86 = Debug|x86
		Release|Any CPU = Release|Any CPU
		Release|x64 = Release|x64
		Release|x86 = Release|x86
	EndGlobalSection
	GlobalSection(ProjectConfigurationPlatforms) = postSolution
		{65F8F8D6-A679-42A3-9359-1541DE78F23E}.Debug|Any CPU.ActiveCfg = Debug|Any CPU
		{65F8F8D6-A679-42A3-9359-1541DE78F23E}.Debug|Any CPU.Build.0 = Debug|Any CPU
		{65F8F8D6-A679-42A3-9359-1541DE78F23E}.Debug|x64.ActiveCfg = Debug|Any CPU
		{65F8F8D6-A679-42A3-9359-1541DE78F23E}.Debug|x64.Build.0 = Debug|Any CPU
		{65F8F8D6-A679-42A3-9359-1541DE78F23E}.Debug|x86.ActiveCfg = Debug|Any CPU
		{65F8F8D6-A679-42A3-9359-1541DE78F23E}.Debug|x86.Build.0 = Debug|Any CPU
		{65F8F8D6-A679-42A3-9359-1541DE78F23E}.Release|Any CPU.ActiveCfg = Release|Any CPU
		{65F8F8D6-A679-42A3-9359-1541DE78F23E}.Release|Any CPU.Build.0 = Release|Any CPU
		{65F8F8D6-A679-42A3-9359-1541DE78F23E}.Release|x64.ActiveCfg = Release|Any CPU
		{65F8F8D6-A679-42A3-9359-1541DE78F23E}.Release|x64.Build.0 = Release|Any CPU
		{65F8F8D6-A679-42A3-9359-1541DE78F23E}.Release|x86.ActiveCfg = Release|Any CPU
		{65F8F8D6-A679-42A3-9359-1541DE78F23E}.Release|x86.Build.0 = Release|Any CPU
		{F9B39EE8-FA53-4B11-ABFC-5DFBAE1BF9F8}.Debug|Any CPU.ActiveCfg = Debug|Any CPU
		{F9B39EE8-FA53-4B11-ABFC-5DFBAE1BF9F8}.Debug|Any CPU.Build.0 = Debug|Any CPU
		{F9B39EE8-FA53-4B11-ABFC-5DFBAE1BF9F8}.Debug|x64.ActiveCfg = Debug|Any CPU
		{F9B39EE8-FA53-4B11-ABFC-5DFBAE1BF9F8}.Debug|x64.Build.0 = Debug|Any CPU
		{F9B39EE8-FA53-4B11-ABFC-5DFBAE1BF9F8}.Debug|x86.ActiveCfg = Debug|Any CPU
		{F9B39EE8-FA53-4B11-ABFC-5DFBAE1BF9F8}.Debug|x86.Build.0 = Debug|Any CPU
		{F9B39EE8-FA53-4B11-ABFC-5DFBAE1BF9F8}.Release|Any CPU.ActiveCfg = Release|Any CPU
		{F9B39EE8-FA53-4B11-ABFC-5DFBAE1BF9F8}.Release|Any CPU.Build.0 = Release|Any CPU
		{F9B39EE8-FA53-4B11-ABFC-5DFBAE1BF9F8}.Release|x64.ActiveCfg = Release|Any CPU
		{F9B39EE8-FA53-4B11-ABFC-5DFBAE1BF9F8}.Release|x64.Build.0 = Release|Any CPU
		{F9B39EE8-FA53-4B11-ABFC-5DFBAE1BF9F8}.Release|x86.ActiveCfg = Release|Any CPU
		{F9B39EE8-FA53-4B11-ABFC-5DFBAE1BF9F8}.Release|x86.Build.0 = Release|Any CPU
		{14C77948-A18D-4889-90E6-B1C92E0645C4}.Debug|Any CPU.ActiveCfg = Debug|Any CPU
		{14C77948-A18D-4889-90E6-B1C92E0645C4}.Debug|Any CPU.Build.0 = Debug|Any CPU
		{14C77948-A18D-4889-90E6-B1C92E0645C4}.Debug|x64.ActiveCfg = Debug|Any CPU
		{14C77948-A18D-4889-90E6-B1C92E0645C4}.Debug|x64.Build.0 = Debug|Any CPU
		{14C77948-A18D-4889-90E6-B1C92E0645C4}.Debug|x86.ActiveCfg = Debug|Any CPU
		{14C77948-A18D-4889-90E6-B1C92E0645C4}.Debug|x86.Build.0 = Debug|Any CPU
		{14C77948-A18D-4889-90E6-B1C92E0645C4}.Release|Any CPU.ActiveCfg = Release|Any CPU
		{14C77948-A18D-4889-90E6-B1C92E0645C4}.Release|Any CPU.Build.0 = Release|Any CPU
		{14C77948-A18D-4889-90E6-B1C92E0645C4}.Release|x64.ActiveCfg = Release|Any CPU
		{14C77948-A18D-4889-90E6-B1C92E0645C4}.Release|x64.Build.0 = Release|Any CPU
		{14C77948-A18D-4889-90E6-B1C92E0645C4}.Release|x86.ActiveCfg = Release|Any CPU
		{14C77948-A18D-4889-90E6-B1C92E0645C4}.Release|x86.Build.0 = Release|Any CPU
	EndGlobalSection
	GlobalSection(SolutionProperties) = preSolution
		HideSolutionNode = FALSE
	EndGlobalSection
	GlobalSection(ExtensibilityGlobals) = postSolution
		SolutionGuid = {6F401A2E-D341-450F-8703-3A9A69DD68BD}
	EndGlobalSection
EndGlobal
